
Microsoft Visual Studio Solution File, Format Version 12.00
# Visual Studio 14
VisualStudioVersion = 14.0.24720.0
MinimumVisualStudioVersion = 10.0.40219.1
Project("{2150E333-8FDC-42A3-9474-1A3956D46DE8}") = "Documentation", "Documentation", "{74281D9D-F51D-4EF3-AD15-66964AA2261E}"
	ProjectSection(SolutionItems) = preProject
		CONTRIBUTORS.txt = CONTRIBUTORS.txt
		LICENSE = LICENSE
		README-ES.md = README-ES.md
		README.md = README.md
	EndProjectSection
EndProject
Project("{2150E333-8FDC-42A3-9474-1A3956D46DE8}") = "Images", "Images", "{F32AC008-43FB-40D3-8EAD-951957C19CA4}"
	ProjectSection(SolutionItems) = preProject
		repository-open-graph-template.png = repository-open-graph-template.png
	EndProjectSection
EndProject
Project("{2150E333-8FDC-42A3-9474-1A3956D46DE8}") = "Source", "Source", "{D17CB63D-EB74-4E16-BFDC-0D71C082A9C6}"
EndProject
Project("{2150E333-8FDC-42A3-9474-1A3956D46DE8}") = "Tests", "Tests", "{BE8E67C8-5DB4-454C-8BC8-CB01CE777D3D}"
EndProject
Project("{FAE04EC0-301F-11D3-BF4B-00C04F79EFBC}") = "SOLTEC.Core", "SOLTEC.Core\SOLTEC.Core.csproj", "{5E46E7E7-D644-4B17-9CEB-C3B429D2DB56}"
EndProject
Project("{FAE04EC0-301F-11D3-BF4B-00C04F79EFBC}") = "SOLTEC.Core.Tests", "SOLTEC.Core.Tests\SOLTEC.Core.Tests.csproj", "{3C28F1EE-B62B-4088-8E6A-84788FED2E28}"
EndProject
Global
	GlobalSection(SolutionConfigurationPlatforms) = preSolution
		Debug|Any CPU = Debug|Any CPU
		Release|Any CPU = Release|Any CPU
	EndGlobalSection
	GlobalSection(ProjectConfigurationPlatforms) = postSolution
		{5E46E7E7-D644-4B17-9CEB-C3B429D2DB56}.Debug|Any CPU.ActiveCfg = Debug|Any CPU
		{5E46E7E7-D644-4B17-9CEB-C3B429D2DB56}.Debug|Any CPU.Build.0 = Debug|Any CPU
		{5E46E7E7-D644-4B17-9CEB-C3B429D2DB56}.Release|Any CPU.ActiveCfg = Release|Any CPU
		{5E46E7E7-D644-4B17-9CEB-C3B429D2DB56}.Release|Any CPU.Build.0 = Release|Any CPU
		{3C28F1EE-B62B-4088-8E6A-84788FED2E28}.Debug|Any CPU.ActiveCfg = Debug|Any CPU
		{3C28F1EE-B62B-4088-8E6A-84788FED2E28}.Debug|Any CPU.Build.0 = Debug|Any CPU
		{3C28F1EE-B62B-4088-8E6A-84788FED2E28}.Release|Any CPU.ActiveCfg = Release|Any CPU
		{3C28F1EE-B62B-4088-8E6A-84788FED2E28}.Release|Any CPU.Build.0 = Release|Any CPU
	EndGlobalSection
	GlobalSection(SolutionProperties) = preSolution
		HideSolutionNode = FALSE
	EndGlobalSection
	GlobalSection(NestedProjects) = preSolution
		{F32AC008-43FB-40D3-8EAD-951957C19CA4} = {74281D9D-F51D-4EF3-AD15-66964AA2261E}
		{5E46E7E7-D644-4B17-9CEB-C3B429D2DB56} = {D17CB63D-EB74-4E16-BFDC-0D71C082A9C6}
		{3C28F1EE-B62B-4088-8E6A-84788FED2E28} = {BE8E67C8-5DB4-454C-8BC8-CB01CE777D3D}
	EndGlobalSection
EndGlobal
