
Microsoft Visual Studio Solution File, Format Version 12.00
# Visual Studio Version 17
VisualStudioVersion = 17.13.35931.197
MinimumVisualStudioVersion = 10.0.40219.1
Project("{2150E333-8FDC-42A3-9474-1A3956D46DE8}") = "Documentation", "Documentation", "{02EA681E-C7D8-13C7-8484-4AC65E1B71E8}"
EndProject
Project("{2150E333-8FDC-42A3-9474-1A3956D46DE8}") = "Tests", "Tests", "{0F9F2555-B997-4547-8C25-5A7CB6BA58A3}"
EndProject
Project("{FAE04EC0-301F-11D3-BF4B-00C04F79EFBC}") = "SOLTEC.Core", "SOLTEC.Core\SOLTEC.Core.csproj", "{30185FB3-0AF1-4BA7-9CC9-7A6E6F25896B}"
EndProject
Project("{FAE04EC0-301F-11D3-BF4B-00C04F79EFBC}") = "SOLTEC.Core.Tests.xUnit", "Tests\SOLTEC.Core.Tests.xUnit\SOLTEC.Core.Tests.xUnit.csproj", "{D183D956-5F84-46A5-A108-0E92B6612E27}"
EndProject
Project("{FAE04EC0-301F-11D3-BF4B-00C04F79EFBC}") = "SOLTEC.Core.Tests.NuNit", "Tests\SOLTEC.Core.Tests.NuNit\SOLTEC.Core.Tests.NuNit.csproj", "{C6B30726-2D87-4F0E-87E5-37662B037935}"
EndProject
Global
	GlobalSection(SolutionConfigurationPlatforms) = preSolution
		Debug|Any CPU = Debug|Any CPU
		Release|Any CPU = Release|Any CPU
	EndGlobalSection
	GlobalSection(ProjectConfigurationPlatforms) = postSolution
		{30185FB3-0AF1-4BA7-9CC9-7A6E6F25896B}.Debug|Any CPU.ActiveCfg = Debug|Any CPU
		{30185FB3-0AF1-4BA7-9CC9-7A6E6F25896B}.Debug|Any CPU.Build.0 = Debug|Any CPU
		{30185FB3-0AF1-4BA7-9CC9-7A6E6F25896B}.Release|Any CPU.ActiveCfg = Release|Any CPU
		{30185FB3-0AF1-4BA7-9CC9-7A6E6F25896B}.Release|Any CPU.Build.0 = Release|Any CPU
		{D183D956-5F84-46A5-A108-0E92B6612E27}.Debug|Any CPU.ActiveCfg = Debug|Any CPU
		{D183D956-5F84-46A5-A108-0E92B6612E27}.Debug|Any CPU.Build.0 = Debug|Any CPU
		{D183D956-5F84-46A5-A108-0E92B6612E27}.Release|Any CPU.ActiveCfg = Release|Any CPU
		{D183D956-5F84-46A5-A108-0E92B6612E27}.Release|Any CPU.Build.0 = Release|Any CPU
		{C6B30726-2D87-4F0E-87E5-37662B037935}.Debug|Any CPU.ActiveCfg = Debug|Any CPU
		{C6B30726-2D87-4F0E-87E5-37662B037935}.Debug|Any CPU.Build.0 = Debug|Any CPU
		{C6B30726-2D87-4F0E-87E5-37662B037935}.Release|Any CPU.ActiveCfg = Release|Any CPU
		{C6B30726-2D87-4F0E-87E5-37662B037935}.Release|Any CPU.Build.0 = Release|Any CPU
	EndGlobalSection
	GlobalSection(SolutionProperties) = preSolution
		HideSolutionNode = FALSE
	EndGlobalSection
	GlobalSection(NestedProjects) = preSolution
		{D183D956-5F84-46A5-A108-0E92B6612E27} = {0F9F2555-B997-4547-8C25-5A7CB6BA58A3}
		{C6B30726-2D87-4F0E-87E5-37662B037935} = {0F9F2555-B997-4547-8C25-5A7CB6BA58A3}
	EndGlobalSection
	GlobalSection(ExtensibilityGlobals) = postSolution
		SolutionGuid = {11301603-2537-4BFA-804D-A81E7F3C767A}
	EndGlobalSection
EndGlobal
