
Microsoft Visual Studio Solution File, Format Version 12.00
# Visual Studio Version 17
VisualStudioVersion = 17.13.35931.197
MinimumVisualStudioVersion = 10.0.40219.1
Project("{2150E333-8FDC-42A3-9474-1A3956D46DE8}") = "Documentation", "Documentation", "{02EA681E-C7D8-13C7-8484-4AC65E1B71E8}"
	ProjectSection(SolutionItems) = preProject
		Documentation\README Scripts & WorkFlows.md = Documentation\README Scripts & WorkFlows.md
		Documentation\README Scripts & WorkFlows_ES.md = Documentation\README Scripts & WorkFlows_ES.md
		Documentation\SOLTEC_UnitTest_CasosDeUso_ES.md = Documentation\SOLTEC_UnitTest_CasosDeUso_ES.md
		Documentation\SOLTEC_UnitTest_UseCases.md = Documentation\SOLTEC_UnitTest_UseCases.md
	EndProjectSection
EndProject
Project("{2150E333-8FDC-42A3-9474-1A3956D46DE8}") = "Tests", "Tests", "{0F9F2555-B997-4547-8C25-5A7CB6BA58A3}"
EndProject
Project("{FAE04EC0-301F-11D3-BF4B-00C04F79EFBC}") = "SOLTEC.Core", "SOLTEC.Core\SOLTEC.Core.csproj", "{30185FB3-0AF1-4BA7-9CC9-7A6E6F25896B}"
EndProject
Project("{FAE04EC0-301F-11D3-BF4B-00C04F79EFBC}") = "SOLTEC.Core.Tests.xUnit", "Tests\SOLTEC.Core.Tests.xUnit\SOLTEC.Core.Tests.xUnit.csproj", "{D183D956-5F84-46A5-A108-0E92B6612E27}"
EndProject
Project("{FAE04EC0-301F-11D3-BF4B-00C04F79EFBC}") = "SOLTEC.Core.Tests.NuNit", "Tests\SOLTEC.Core.Tests.NuNit\SOLTEC.Core.Tests.NuNit.csproj", "{C6B30726-2D87-4F0E-87E5-37662B037935}"
EndProject
Project("{2150E333-8FDC-42A3-9474-1A3956D46DE8}") = "Tools", "Tools", "{A16F71B6-0F54-4734-B6BD-6E0CCD578E08}"
EndProject
Project("{FAE04EC0-301F-11D3-BF4B-00C04F79EFBC}") = "SOLTEC.Core.PreBuildValidator", "Tools\SOLTEC.Core.PreBuildValidator\SOLTEC.Core.PreBuildValidator.csproj", "{D05D87A0-91AB-4237-BD8C-74C529CDB51E}"
EndProject
Project("{FAE04EC0-301F-11D3-BF4B-00C04F79EFBC}") = "SOLTEC.Core.WikiDocGen", "Tools\SOLTEC.Core.WikiDocGen\SOLTEC.Core.WikiDocGen.csproj", "{85032D75-BF0B-4A0C-BF45-88EC598611EB}"
EndProject
Global
	GlobalSection(SolutionConfigurationPlatforms) = preSolution
		Debug|Any CPU = Debug|Any CPU
		Release|Any CPU = Release|Any CPU
	EndGlobalSection
	GlobalSection(ProjectConfigurationPlatforms) = postSolution
		{30185FB3-0AF1-4BA7-9CC9-7A6E6F25896B}.Debug|Any CPU.ActiveCfg = Debug|Any CPU
		{30185FB3-0AF1-4BA7-9CC9-7A6E6F25896B}.Debug|Any CPU.Build.0 = Debug|Any CPU
		{30185FB3-0AF1-4BA7-9CC9-7A6E6F25896B}.Release|Any CPU.ActiveCfg = Release|Any CPU
		{30185FB3-0AF1-4BA7-9CC9-7A6E6F25896B}.Release|Any CPU.Build.0 = Release|Any CPU
		{D183D956-5F84-46A5-A108-0E92B6612E27}.Debug|Any CPU.ActiveCfg = Debug|Any CPU
		{D183D956-5F84-46A5-A108-0E92B6612E27}.Debug|Any CPU.Build.0 = Debug|Any CPU
		{D183D956-5F84-46A5-A108-0E92B6612E27}.Release|Any CPU.ActiveCfg = Release|Any CPU
		{D183D956-5F84-46A5-A108-0E92B6612E27}.Release|Any CPU.Build.0 = Release|Any CPU
		{C6B30726-2D87-4F0E-87E5-37662B037935}.Debug|Any CPU.ActiveCfg = Debug|Any CPU
		{C6B30726-2D87-4F0E-87E5-37662B037935}.Debug|Any CPU.Build.0 = Debug|Any CPU
		{C6B30726-2D87-4F0E-87E5-37662B037935}.Release|Any CPU.ActiveCfg = Release|Any CPU
		{C6B30726-2D87-4F0E-87E5-37662B037935}.Release|Any CPU.Build.0 = Release|Any CPU
		{D05D87A0-91AB-4237-BD8C-74C529CDB51E}.Debug|Any CPU.ActiveCfg = Debug|Any CPU
		{D05D87A0-91AB-4237-BD8C-74C529CDB51E}.Debug|Any CPU.Build.0 = Debug|Any CPU
		{D05D87A0-91AB-4237-BD8C-74C529CDB51E}.Release|Any CPU.ActiveCfg = Release|Any CPU
		{D05D87A0-91AB-4237-BD8C-74C529CDB51E}.Release|Any CPU.Build.0 = Release|Any CPU
		{85032D75-BF0B-4A0C-BF45-88EC598611EB}.Debug|Any CPU.ActiveCfg = Debug|Any CPU
		{85032D75-BF0B-4A0C-BF45-88EC598611EB}.Debug|Any CPU.Build.0 = Debug|Any CPU
		{85032D75-BF0B-4A0C-BF45-88EC598611EB}.Release|Any CPU.ActiveCfg = Release|Any CPU
		{85032D75-BF0B-4A0C-BF45-88EC598611EB}.Release|Any CPU.Build.0 = Release|Any CPU
	EndGlobalSection
	GlobalSection(SolutionProperties) = preSolution
		HideSolutionNode = FALSE
	EndGlobalSection
	GlobalSection(NestedProjects) = preSolution
		{D183D956-5F84-46A5-A108-0E92B6612E27} = {0F9F2555-B997-4547-8C25-5A7CB6BA58A3}
		{C6B30726-2D87-4F0E-87E5-37662B037935} = {0F9F2555-B997-4547-8C25-5A7CB6BA58A3}
		{D05D87A0-91AB-4237-BD8C-74C529CDB51E} = {A16F71B6-0F54-4734-B6BD-6E0CCD578E08}
		{85032D75-BF0B-4A0C-BF45-88EC598611EB} = {A16F71B6-0F54-4734-B6BD-6E0CCD578E08}
	EndGlobalSection
	GlobalSection(ExtensibilityGlobals) = postSolution
		SolutionGuid = {11301603-2537-4BFA-804D-A81E7F3C767A}
	EndGlobalSection
EndGlobal
